Microsoft Visual Studio Solution File, Format Version 12.00
# Visual Studio Version 17
VisualStudioVersion = 17.5.2.0
MinimumVisualStudioVersion = 10.0.40219.1
Project("{FAE04EC0-301F-11D3-BF4B-00C04F79EFBC}") = "ClearCare", "ClearCare.csproj", "{7F22D86A-4724-E0F8-309B-0548E462FA22}"
EndProject
Global
	GlobalSection(SolutionConfigurationPlatforms) = preSolution
		Debug|Any CPU = Debug|Any CPU
		Release|Any CPU = Release|Any CPU
	EndGlobalSection
	GlobalSection(ProjectConfigurationPlatforms) = postSolution
		{7F22D86A-4724-E0F8-309B-0548E462FA22}.Debug|Any CPU.ActiveCfg = Debug|Any CPU
		{7F22D86A-4724-E0F8-309B-0548E462FA22}.Debug|Any CPU.Build.0 = Debug|Any CPU
		{7F22D86A-4724-E0F8-309B-0548E462FA22}.Release|Any CPU.ActiveCfg = Release|Any CPU
		{7F22D86A-4724-E0F8-309B-0548E462FA22}.Release|Any CPU.Build.0 = Release|Any CPU
	EndGlobalSection
	GlobalSection(SolutionProperties) = preSolution
		HideSolutionNode = FALSE
	EndGlobalSection
	GlobalSection(ExtensibilityGlobals) = postSolution
		SolutionGuid = {B9B950E1-DB1C-48E7-8FC2-855236C78BD6}
	EndGlobalSection
EndGlobal
